
Microsoft Visual Studio Solution File, Format Version 12.00
# Visual Studio 2013
VisualStudioVersion = 12.0.21005.1
MinimumVisualStudioVersion = 10.0.40219.1
Project("{2150E333-8FDC-42A3-9474-1A3956D46DE8}") = "00 - Unit Tests", "00 - Unit Tests", "{9FDE8AB3-2E5C-4F66-BD4A-20DCBFE244E6}"
EndProject
Project("{2150E333-8FDC-42A3-9474-1A3956D46DE8}") = "01 - Presentation", "01 - Presentation", "{E7919FAB-073D-423F-AF51-F8F4682EECD2}"
EndProject
Project("{2150E333-8FDC-42A3-9474-1A3956D46DE8}") = "02 - Business", "02 - Business", "{13E01693-4969-432E-8253-A6E259D57A0C}"
EndProject
Project("{2150E333-8FDC-42A3-9474-1A3956D46DE8}") = "03 - Data", "03 - Data", "{DD77FAF5-4C32-4993-827B-3EF1A04DA1A6}"
EndProject
Project("{FAE04EC0-301F-11D3-BF4B-00C04F79EFBC}") = "SVS.CI.UnitTests", "SVS.CI.UnitTests\SVS.CI.UnitTests.csproj", "{BFD6657E-89C1-4835-B98F-F016F6B8E0CC}"
EndProject
Project("{FAE04EC0-301F-11D3-BF4B-00C04F79EFBC}") = "SVS.CI.Business", "SVS.CI.Business\SVS.CI.Business.csproj", "{23A76BB0-682B-423B-861D-A09EBB1EEBD6}"
EndProject
Project("{FAE04EC0-301F-11D3-BF4B-00C04F79EFBC}") = "SVS.CI.Data", "SVS.CI.Data\SVS.CI.Data.csproj", "{24032DCD-43C2-438B-83F8-6D74E27D0D52}"
EndProject
Project("{FAE04EC0-301F-11D3-BF4B-00C04F79EFBC}") = "SVS.CI.UI", "SVS.CI.UI\SVS.CI.UI.csproj", "{60605AF7-F7A3-4AD8-A5C7-5BC6AA9EA846}"
EndProject
Project("{2150E333-8FDC-42A3-9474-1A3956D46DE8}") = ".nuget", ".nuget", "{D7C9EFB2-A80E-431D-BC18-A45D17675228}"
	ProjectSection(SolutionItems) = preProject
		.nuget\packages.config = .nuget\packages.config
	EndProjectSection
EndProject
Global
	GlobalSection(SolutionConfigurationPlatforms) = preSolution
		Debug|Any CPU = Debug|Any CPU
		Release|Any CPU = Release|Any CPU
	EndGlobalSection
	GlobalSection(ProjectConfigurationPlatforms) = postSolution
		{BFD6657E-89C1-4835-B98F-F016F6B8E0CC}.Debug|Any CPU.ActiveCfg = Debug|Any CPU
		{BFD6657E-89C1-4835-B98F-F016F6B8E0CC}.Debug|Any CPU.Build.0 = Debug|Any CPU
		{BFD6657E-89C1-4835-B98F-F016F6B8E0CC}.Release|Any CPU.ActiveCfg = Release|Any CPU
		{BFD6657E-89C1-4835-B98F-F016F6B8E0CC}.Release|Any CPU.Build.0 = Release|Any CPU
		{23A76BB0-682B-423B-861D-A09EBB1EEBD6}.Debug|Any CPU.ActiveCfg = Debug|Any CPU
		{23A76BB0-682B-423B-861D-A09EBB1EEBD6}.Debug|Any CPU.Build.0 = Debug|Any CPU
		{23A76BB0-682B-423B-861D-A09EBB1EEBD6}.Release|Any CPU.ActiveCfg = Release|Any CPU
		{23A76BB0-682B-423B-861D-A09EBB1EEBD6}.Release|Any CPU.Build.0 = Release|Any CPU
		{24032DCD-43C2-438B-83F8-6D74E27D0D52}.Debug|Any CPU.ActiveCfg = Debug|Any CPU
		{24032DCD-43C2-438B-83F8-6D74E27D0D52}.Debug|Any CPU.Build.0 = Debug|Any CPU
		{24032DCD-43C2-438B-83F8-6D74E27D0D52}.Release|Any CPU.ActiveCfg = Release|Any CPU
		{24032DCD-43C2-438B-83F8-6D74E27D0D52}.Release|Any CPU.Build.0 = Release|Any CPU
		{60605AF7-F7A3-4AD8-A5C7-5BC6AA9EA846}.Debug|Any CPU.ActiveCfg = Debug|Any CPU
		{60605AF7-F7A3-4AD8-A5C7-5BC6AA9EA846}.Debug|Any CPU.Build.0 = Debug|Any CPU
		{60605AF7-F7A3-4AD8-A5C7-5BC6AA9EA846}.Release|Any CPU.ActiveCfg = Release|Any CPU
		{60605AF7-F7A3-4AD8-A5C7-5BC6AA9EA846}.Release|Any CPU.Build.0 = Release|Any CPU
	EndGlobalSection
	GlobalSection(SolutionProperties) = preSolution
		HideSolutionNode = FALSE
	EndGlobalSection
	GlobalSection(NestedProjects) = preSolution
		{BFD6657E-89C1-4835-B98F-F016F6B8E0CC} = {9FDE8AB3-2E5C-4F66-BD4A-20DCBFE244E6}
		{60605AF7-F7A3-4AD8-A5C7-5BC6AA9EA846} = {E7919FAB-073D-423F-AF51-F8F4682EECD2}
		{23A76BB0-682B-423B-861D-A09EBB1EEBD6} = {13E01693-4969-432E-8253-A6E259D57A0C}
		{24032DCD-43C2-438B-83F8-6D74E27D0D52} = {DD77FAF5-4C32-4993-827B-3EF1A04DA1A6}
	EndGlobalSection
EndGlobal
