
Microsoft Visual Studio Solution File, Format Version 12.00
# Visual Studio 15
VisualStudioVersion = 15.0.26430.12
MinimumVisualStudioVersion = 10.0.40219.1
Project("{2150E333-8FDC-42A3-9474-1A3956D46DE8}") = "00 - Unit Tests", "00 - Unit Tests", "{40115CDE-03DF-4DCE-BB82-69942DB9B8A2}"
EndProject
Project("{FAE04EC0-301F-11D3-BF4B-00C04F79EFBC}") = "SVS.TDD.UnitTests", "SVS.TDD.UnitTests\SVS.TDD.UnitTests.csproj", "{D230555F-A7F0-4EAE-A9E9-E0BE34989905}"
EndProject
Project("{2150E333-8FDC-42A3-9474-1A3956D46DE8}") = "02 - Negocio", "02 - Negocio", "{4CC867FA-B61C-4FFB-87A8-FA2385C52164}"
EndProject
Project("{2150E333-8FDC-42A3-9474-1A3956D46DE8}") = "01 - Presentacion", "01 - Presentacion", "{E54A3A9B-6772-4446-ACCA-DA99BE9FE89A}"
EndProject
Project("{2150E333-8FDC-42A3-9474-1A3956D46DE8}") = "03 - Datos", "03 - Datos", "{A95F4185-A3A4-4D84-B2A2-E5CFA25CBA0D}"
EndProject
Project("{FAE04EC0-301F-11D3-BF4B-00C04F79EFBC}") = "SVS.TDD.Negocio", "SVS.TDD.Negocio\SVS.TDD.Negocio.csproj", "{7A438D54-1CD6-4A10-BBAB-EF0B9D418213}"
EndProject
Global
	GlobalSection(SolutionConfigurationPlatforms) = preSolution
		Debug|Any CPU = Debug|Any CPU
		Release|Any CPU = Release|Any CPU
	EndGlobalSection
	GlobalSection(ProjectConfigurationPlatforms) = postSolution
		{D230555F-A7F0-4EAE-A9E9-E0BE34989905}.Debug|Any CPU.ActiveCfg = Debug|Any CPU
		{D230555F-A7F0-4EAE-A9E9-E0BE34989905}.Debug|Any CPU.Build.0 = Debug|Any CPU
		{D230555F-A7F0-4EAE-A9E9-E0BE34989905}.Release|Any CPU.ActiveCfg = Release|Any CPU
		{D230555F-A7F0-4EAE-A9E9-E0BE34989905}.Release|Any CPU.Build.0 = Release|Any CPU
		{7A438D54-1CD6-4A10-BBAB-EF0B9D418213}.Debug|Any CPU.ActiveCfg = Debug|Any CPU
		{7A438D54-1CD6-4A10-BBAB-EF0B9D418213}.Debug|Any CPU.Build.0 = Debug|Any CPU
		{7A438D54-1CD6-4A10-BBAB-EF0B9D418213}.Release|Any CPU.ActiveCfg = Release|Any CPU
		{7A438D54-1CD6-4A10-BBAB-EF0B9D418213}.Release|Any CPU.Build.0 = Release|Any CPU
	EndGlobalSection
	GlobalSection(SolutionProperties) = preSolution
		HideSolutionNode = FALSE
	EndGlobalSection
	GlobalSection(NestedProjects) = preSolution
		{D230555F-A7F0-4EAE-A9E9-E0BE34989905} = {40115CDE-03DF-4DCE-BB82-69942DB9B8A2}
		{7A438D54-1CD6-4A10-BBAB-EF0B9D418213} = {4CC867FA-B61C-4FFB-87A8-FA2385C52164}
	EndGlobalSection
EndGlobal
